// !$*UTF8*$!
{
	archiveVersion = 1;
	classes = {
	};
	objectVersion = 56;
	objects = {

/* Begin PBXBuildFile section */
		AAAAAA000000000000002001 /* SettingsApp.swift in Sources */ = {isa = PBXBuildFile; fileRef = AAAAAA000000000000001001 /* SettingsApp.swift */; };
		AAAAAA000000000000002002 /* ContentView.swift in Sources */ = {isa = PBXBuildFile; fileRef = AAAAAA000000000000001002 /* ContentView.swift */; };
		AAAAAA000000000000002003 /* AppSettings.swift in Sources */ = {isa = PBXBuildFile; fileRef = AAAAAA000000000000001003 /* AppSettings.swift */; };
		AAAAAA000000000000002004 /* SettingsView.swift in Sources */ = {isa = PBXBuildFile; fileRef = AAAAAA000000000000001004 /* SettingsView.swift */; };
		AAAAAA000000000000002005 /* AppearanceView.swift in Sources */ = {isa = PBXBuildFile; fileRef = AAAAAA000000000000001005 /* AppearanceView.swift */; };
		AAAAAA000000000000002006 /* FontSettingsView.swift in Sources */ = {isa = PBXBuildFile; fileRef = AAAAAA000000000000001006 /* FontSettingsView.swift */; };
		AAAAAA000000000000002007 /* NotificationsView.swift in Sources */ = {isa = PBXBuildFile; fileRef = AAAAAA000000000000001007 /* NotificationsView.swift */; };
		AAAAAA000000000000002008 /* AboutView.swift in Sources */ = {isa = PBXBuildFile; fileRef = AAAAAA000000000000001008 /* AboutView.swift */; };
		AAAAAA000000000000002009 /* PrivacyView.swift in Sources */ = {isa = PBXBuildFile; fileRef = AAAAAA000000000000001009 /* PrivacyView.swift */; };
		AAAAAA000000000000002010 /* LanguageView.swift in Sources */ = {isa = PBXBuildFile; fileRef = AAAAAA000000000000001010 /* LanguageView.swift */; };
		AAAAAA000000000000002011 /* Assets.xcassets in Resources */ = {isa = PBXBuildFile; fileRef = AAAAAA000000000000001011 /* Assets.xcassets */; };
		AAAAAA000000000000002012 /* Preview Assets.xcassets in Resources */ = {isa = PBXBuildFile; fileRef = AAAAAA000000000000001012 /* Preview Assets.xcassets */; };
		AAAAAA000000000000002013 /* LoginKit in Frameworks */ = {isa = PBXBuildFile; productRef = AAAAAA000000000000007002 /* LoginKit */; };
	AAAAAA000000000000002014 /* AppSettingsTests.swift in Sources */ = {isa = PBXBuildFile; fileRef = AAAAAA000000000000001014 /* AppSettingsTests.swift */; };
	AAAAAA000000000000002015 /* LoginModuleTests.swift in Sources */ = {isa = PBXBuildFile; fileRef = AAAAAA000000000000001015 /* LoginModuleTests.swift */; };
	AAAAAA000000000000002016 /* LoginKit in Frameworks */ = {isa = PBXBuildFile; productRef = AAAAAA000000000000007003 /* LoginKit */; };
/* End PBXBuildFile section */

/* Begin PBXFileReference section */
		AAAAAA000000000000000003 /* SettingsApp.app */ = {isa = PBXFileReference; explicitFileType = wrapper.application; includeInIndex = 0; path = SettingsApp.app; sourceTree = BUILT_PRODUCTS_DIR; };
		AAAAAA000000000000001001 /* SettingsApp.swift */ = {isa = PBXFileReference; lastKnownFileType = sourcecode.swift; path = SettingsApp.swift; sourceTree = "<group>"; };
		AAAAAA000000000000001002 /* ContentView.swift */ = {isa = PBXFileReference; lastKnownFileType = sourcecode.swift; path = ContentView.swift; sourceTree = "<group>"; };
		AAAAAA000000000000001003 /* AppSettings.swift */ = {isa = PBXFileReference; lastKnownFileType = sourcecode.swift; path = AppSettings.swift; sourceTree = "<group>"; };
		AAAAAA000000000000001004 /* SettingsView.swift */ = {isa = PBXFileReference; lastKnownFileType = sourcecode.swift; path = SettingsView.swift; sourceTree = "<group>"; };
		AAAAAA000000000000001005 /* AppearanceView.swift */ = {isa = PBXFileReference; lastKnownFileType = sourcecode.swift; path = AppearanceView.swift; sourceTree = "<group>"; };
		AAAAAA000000000000001006 /* FontSettingsView.swift */ = {isa = PBXFileReference; lastKnownFileType = sourcecode.swift; path = FontSettingsView.swift; sourceTree = "<group>"; };
		AAAAAA000000000000001007 /* NotificationsView.swift */ = {isa = PBXFileReference; lastKnownFileType = sourcecode.swift; path = NotificationsView.swift; sourceTree = "<group>"; };
		AAAAAA000000000000001008 /* AboutView.swift */ = {isa = PBXFileReference; lastKnownFileType = sourcecode.swift; path = AboutView.swift; sourceTree = "<group>"; };
		AAAAAA000000000000001009 /* PrivacyView.swift */ = {isa = PBXFileReference; lastKnownFileType = sourcecode.swift; path = PrivacyView.swift; sourceTree = "<group>"; };
		AAAAAA000000000000001010 /* LanguageView.swift */ = {isa = PBXFileReference; lastKnownFileType = sourcecode.swift; path = LanguageView.swift; sourceTree = "<group>"; };
		AAAAAA000000000000001011 /* Assets.xcassets */ = {isa = PBXFileReference; lastKnownFileType = folder.assetcatalog; path = Assets.xcassets; sourceTree = "<group>"; };
		AAAAAA000000000000001012 /* Preview Assets.xcassets */ = {isa = PBXFileReference; lastKnownFileType = folder.assetcatalog; path = "Preview Assets.xcassets"; sourceTree = "<group>"; };
		AAAAAA000000000000001013 /* Info.plist */ = {isa = PBXFileReference; lastKnownFileType = text.plist.xml; path = Info.plist; sourceTree = "<group>"; };
	AAAAAA000000000000000005 /* SettingsAppTests.xctest */ = {isa = PBXFileReference; explicitFileType = wrapper.cfbundle; includeInIndex = 0; path = SettingsAppTests.xctest; sourceTree = BUILT_PRODUCTS_DIR; };
	AAAAAA000000000000001014 /* AppSettingsTests.swift */ = {isa = PBXFileReference; lastKnownFileType = sourcecode.swift; path = AppSettingsTests.swift; sourceTree = "<group>"; };
	AAAAAA000000000000001015 /* LoginModuleTests.swift */ = {isa = PBXFileReference; lastKnownFileType = sourcecode.swift; path = LoginModuleTests.swift; sourceTree = "<group>"; };
/* End PBXFileReference section */

/* Begin PBXFrameworksBuildPhase section */
		AAAAAA000000000000004003 /* Frameworks */ = {
			isa = PBXFrameworksBuildPhase;
			buildActionMask = 2147483647;
			files = (
				AAAAAA000000000000002013 /* LoginKit in Frameworks */,
			);
			runOnlyForDeploymentPostprocessing = 0;
		};
		AAAAAA000000000000004005 /* Frameworks (Tests) */ = {
			isa = PBXFrameworksBuildPhase;
			buildActionMask = 2147483647;
			files = (
				AAAAAA000000000000002016 /* LoginKit in Frameworks (Tests) */,
			);
			runOnlyForDeploymentPostprocessing = 0;
		};
/* End PBXFrameworksBuildPhase section */

/* Begin PBXGroup section */
		AAAAAA000000000000003001 /* MainGroup */ = {
			isa = PBXGroup;
			children = (
				AAAAAA000000000000003002 /* SettingsApp */,
				AAAAAA000000000000003007 /* SettingsAppTests */,
				AAAAAA000000000000003006 /* Products */,
			);
			sourceTree = "<group>";
		};
		AAAAAA000000000000003002 /* SettingsApp */ = {
			isa = PBXGroup;
			children = (
				AAAAAA000000000000001001 /* SettingsApp.swift */,
				AAAAAA000000000000001002 /* ContentView.swift */,
				AAAAAA000000000000003003 /* Models */,
				AAAAAA000000000000003004 /* Views */,
				AAAAAA000000000000001011 /* Assets.xcassets */,
				AAAAAA000000000000001013 /* Info.plist */,
				AAAAAA000000000000003005 /* Preview Content */,
			);
			path = SettingsApp;
			sourceTree = "<group>";
		};
		AAAAAA000000000000003003 /* Models */ = {
			isa = PBXGroup;
			children = (
				AAAAAA000000000000001003 /* AppSettings.swift */,
			);
			path = Models;
			sourceTree = "<group>";
		};
		AAAAAA000000000000003004 /* Views */ = {
			isa = PBXGroup;
			children = (
				AAAAAA000000000000001004 /* SettingsView.swift */,
				AAAAAA000000000000001005 /* AppearanceView.swift */,
				AAAAAA000000000000001006 /* FontSettingsView.swift */,
				AAAAAA000000000000001007 /* NotificationsView.swift */,
				AAAAAA000000000000001008 /* AboutView.swift */,
				AAAAAA000000000000001009 /* PrivacyView.swift */,
				AAAAAA000000000000001010 /* LanguageView.swift */,
			);
			path = Views;
			sourceTree = "<group>";
		};
		AAAAAA000000000000003005 /* Preview Content */ = {
			isa = PBXGroup;
			children = (
				AAAAAA000000000000001012 /* Preview Assets.xcassets */,
			);
			path = "Preview Content";
			sourceTree = "<group>";
		};
		AAAAAA000000000000003006 /* Products */ = {
			isa = PBXGroup;
			children = (
				AAAAAA000000000000000003 /* SettingsApp.app */,
				AAAAAA000000000000000005 /* SettingsAppTests.xctest */,
			);
			name = Products;
			sourceTree = "<group>";
		};
		AAAAAA000000000000003007 /* SettingsAppTests */ = {
			isa = PBXGroup;
			children = (
				AAAAAA000000000000001014 /* AppSettingsTests.swift */,
				AAAAAA000000000000001015 /* LoginModuleTests.swift */,
			);
			path = SettingsAppTests;
			sourceTree = "<group>";
		};
/* End PBXGroup section */

/* Begin PBXNativeTarget section */
		AAAAAA000000000000000002 /* SettingsApp */ = {
			isa = PBXNativeTarget;
			buildConfigurationList = AAAAAA000000000000006002 /* Build configuration list for PBXNativeTarget "SettingsApp" */;
			buildPhases = (
				AAAAAA000000000000004001 /* Sources */,
				AAAAAA000000000000004002 /* Resources */,
				AAAAAA000000000000004003 /* Frameworks */,
			);
			buildRules = (
			);
			dependencies = (
			);
			packageProductDependencies = (
				AAAAAA000000000000007002 /* LoginKit */,
			);
			name = SettingsApp;
			productName = SettingsApp;
			productReference = AAAAAA000000000000000003 /* SettingsApp.app */;
			productType = "com.apple.product-type.application";
		};
		AAAAAA000000000000000004 /* SettingsAppTests */ = {
			isa = PBXNativeTarget;
			buildConfigurationList = AAAAAA000000000000006003 /* Build configuration list for PBXNativeTarget "SettingsAppTests" */;
			buildPhases = (
				AAAAAA000000000000004004 /* Sources */,
				AAAAAA000000000000004005 /* Frameworks (Tests) */,
			);
			buildRules = (
			);
			dependencies = (
				AAAAAA000000000000008001 /* PBXTargetDependency */,
			);
			packageProductDependencies = (
				AAAAAA000000000000007003 /* LoginKit */,
			);
			name = SettingsAppTests;
			productName = SettingsAppTests;
			productReference = AAAAAA000000000000000005 /* SettingsAppTests.xctest */;
			productType = "com.apple.product-type.bundle.unit-test";
		};
/* End PBXNativeTarget section */

/* Begin PBXProject section */
		AAAAAA000000000000000001 /* Project object */ = {
			isa = PBXProject;
			attributes = {
				BuildIndependentTargetsInParallel = 1;
				LastSwiftUpdateCheck = 1500;
				LastUpgradeCheck = 1500;
				TargetAttributes = {
					AAAAAA000000000000000002 = {
						CreatedOnToolsVersion = 15.0;
					};
				};
			};
			buildConfigurationList = AAAAAA000000000000006001 /* Build configuration list for PBXProject "SettingsApp" */;
			compatibilityVersion = "Xcode 14.0";
			developmentRegion = en;
			hasScannedForEncodings = 0;
			knownRegions = (
				en,
				Base,
			);
			mainGroup = AAAAAA000000000000003001;
			packageReferences = (
				AAAAAA000000000000007001 /* XCRemoteSwiftPackageReference "login" */,
			);
			productRefGroup = AAAAAA000000000000003006 /* Products */;
			projectDirPath = "";
			projectRoot = "";
			targets = (
				AAAAAA000000000000000002 /* SettingsApp */,
			);
		};
/* End PBXProject section */

/* Begin PBXResourcesBuildPhase section */
		AAAAAA000000000000004002 /* Resources */ = {
			isa = PBXResourcesBuildPhase;
			buildActionMask = 2147483647;
			files = (
				AAAAAA000000000000002011 /* Assets.xcassets in Resources */,
				AAAAAA000000000000002012 /* Preview Assets.xcassets in Resources */,
			);
			runOnlyForDeploymentPostprocessing = 0;
		};
/* End PBXResourcesBuildPhase section */

/* Begin PBXSourcesBuildPhase section */
		AAAAAA000000000000004001 /* Sources */ = {
			isa = PBXSourcesBuildPhase;
			buildActionMask = 2147483647;
			files = (
				AAAAAA000000000000002001 /* SettingsApp.swift in Sources */,
				AAAAAA000000000000002002 /* ContentView.swift in Sources */,
				AAAAAA000000000000002003 /* AppSettings.swift in Sources */,
				AAAAAA000000000000002004 /* SettingsView.swift in Sources */,
				AAAAAA000000000000002005 /* AppearanceView.swift in Sources */,
				AAAAAA000000000000002006 /* FontSettingsView.swift in Sources */,
				AAAAAA000000000000002007 /* NotificationsView.swift in Sources */,
				AAAAAA000000000000002008 /* AboutView.swift in Sources */,
				AAAAAA000000000000002009 /* PrivacyView.swift in Sources */,
				AAAAAA000000000000002010 /* LanguageView.swift in Sources */,
			);
			runOnlyForDeploymentPostprocessing = 0;
		};
		AAAAAA000000000000004004 /* Sources (Tests) */ = {
			isa = PBXSourcesBuildPhase;
			buildActionMask = 2147483647;
			files = (
				AAAAAA000000000000002014 /* AppSettingsTests.swift in Sources */,
				AAAAAA000000000000002015 /* LoginModuleTests.swift in Sources */,
			);
			runOnlyForDeploymentPostprocessing = 0;
		};
/* End PBXSourcesBuildPhase section */

/* Begin XCBuildConfiguration section */
		AAAAAA000000000000005001 /* Debug */ = {
			isa = XCBuildConfiguration;
			buildSettings = {
				ALWAYS_SEARCH_USER_PATHS = NO;
				CLANG_ANALYZER_NONNULL = YES;
				CLANG_ANALYZER_NUMBER_OBJECT_CONVERSION = YES_AGGRESSIVE;
				CLANG_CXX_LANGUAGE_STANDARD = "gnu++20";
				CLANG_ENABLE_MODULES = YES;
				CLANG_ENABLE_OBJC_ARC = YES;
				CLANG_ENABLE_OBJC_WEAK = YES;
				CLANG_WARN_BLOCK_CAPTURE_AUTORELEASING = YES;
				CLANG_WARN_BOOL_CONVERSION = YES;
				CLANG_WARN_COMMA = YES;
				CLANG_WARN_CONSTANT_CONVERSION = YES;
				CLANG_WARN_DEPRECATED_OBJC_IMPLEMENTATIONS = YES;
				CLANG_WARN_DIRECT_OBJC_ISA_USAGE = YES_ERROR;
				CLANG_WARN_DOCUMENTATION_COMMENTS = YES;
				CLANG_WARN_EMPTY_BODY = YES;
				CLANG_WARN_ENUM_CONVERSION = YES;
				CLANG_WARN_INFINITE_RECURSION = YES;
				CLANG_WARN_INT_CONVERSION = YES;
				CLANG_WARN_NON_LITERAL_NULL_CONVERSION = YES;
				CLANG_WARN_OBJC_IMPLICIT_RETAIN_SELF = YES;
				CLANG_WARN_OBJC_LITERAL_CONVERSION = YES;
				CLANG_WARN_OBJC_ROOT_CLASS = YES_ERROR;
				CLANG_WARN_QUOTED_INCLUDE_IN_FRAMEWORK_HEADER = YES;
				CLANG_WARN_RANGE_LOOP_ANALYSIS = YES;
				CLANG_WARN_STRICT_PROTOTYPES = YES;
				CLANG_WARN_SUSPICIOUS_MOVE = YES;
				CLANG_WARN_UNGUARDED_AVAILABILITY = YES_AGGRESSIVE;
				CLANG_WARN_UNREACHABLE_CODE = YES;
				CLANG_WARN__DUPLICATE_METHOD_MATCH = YES;
				COPY_PHASE_STRIP = NO;
				DEBUG_INFORMATION_FORMAT = dwarf;
				ENABLE_STRICT_OBJC_MSGSEND = YES;
				ENABLE_TESTABILITY = YES;
				GCC_C_LANGUAGE_STANDARD = gnu11;
				GCC_DYNAMIC_NO_PIC = NO;
				GCC_NO_COMMON_BLOCKS = YES;
				GCC_OPTIMIZATION_LEVEL = 0;
				GCC_PREPROCESSOR_DEFINITIONS = (
					"DEBUG=1",
					"$(inherited)",
				);
				GCC_WARN_64_TO_32_BIT_CONVERSION = YES;
				GCC_WARN_ABOUT_RETURN_TYPE = YES_ERROR;
				GCC_WARN_UNDECLARED_SELECTOR = YES;
				GCC_WARN_UNINITIALIZED_AUTOS = YES_AGGRESSIVE;
				GCC_WARN_UNUSED_FUNCTION = YES;
				GCC_WARN_UNUSED_VARIABLE = YES;
				IPHONEOS_DEPLOYMENT_TARGET = 16.0;
				MTL_ENABLE_DEBUG_INFO = INCLUDE_SOURCE;
				MTL_FAST_MATH = YES;
				ONLY_ACTIVE_ARCH = YES;
				SDKROOT = iphoneos;
				SWIFT_ACTIVE_COMPILATION_CONDITIONS = DEBUG;
				SWIFT_OPTIMIZATION_LEVEL = "-Onone";
			};
			name = Debug;
		};
		AAAAAA000000000000005002 /* Release */ = {
			isa = XCBuildConfiguration;
			buildSettings = {
				ALWAYS_SEARCH_USER_PATHS = NO;
				CLANG_ANALYZER_NONNULL = YES;
				CLANG_ANALYZER_NUMBER_OBJECT_CONVERSION = YES_AGGRESSIVE;
				CLANG_CXX_LANGUAGE_STANDARD = "gnu++20";
				CLANG_ENABLE_MODULES = YES;
				CLANG_ENABLE_OBJC_ARC = YES;
				CLANG_ENABLE_OBJC_WEAK = YES;
				CLANG_WARN_BLOCK_CAPTURE_AUTORELEASING = YES;
				CLANG_WARN_BOOL_CONVERSION = YES;
				CLANG_WARN_COMMA = YES;
				CLANG_WARN_CONSTANT_CONVERSION = YES;
				CLANG_WARN_DEPRECATED_OBJC_IMPLEMENTATIONS = YES;
				CLANG_WARN_DIRECT_OBJC_ISA_USAGE = YES_ERROR;
				CLANG_WARN_DOCUMENTATION_COMMENTS = YES;
				CLANG_WARN_EMPTY_BODY = YES;
				CLANG_WARN_ENUM_CONVERSION = YES;
				CLANG_WARN_INFINITE_RECURSION = YES;
				CLANG_WARN_INT_CONVERSION = YES;
				CLANG_WARN_NON_LITERAL_NULL_CONVERSION = YES;
				CLANG_WARN_OBJC_IMPLICIT_RETAIN_SELF = YES;
				CLANG_WARN_OBJC_LITERAL_CONVERSION = YES;
				CLANG_WARN_OBJC_ROOT_CLASS = YES_ERROR;
				CLANG_WARN_QUOTED_INCLUDE_IN_FRAMEWORK_HEADER = YES;
				CLANG_WARN_RANGE_LOOP_ANALYSIS = YES;
				CLANG_WARN_STRICT_PROTOTYPES = YES;
				CLANG_WARN_SUSPICIOUS_MOVE = YES;
				CLANG_WARN_UNGUARDED_AVAILABILITY = YES_AGGRESSIVE;
				CLANG_WARN_UNREACHABLE_CODE = YES;
				CLANG_WARN__DUPLICATE_METHOD_MATCH = YES;
				COPY_PHASE_STRIP = NO;
				DEBUG_INFORMATION_FORMAT = "dwarf-with-dsym";
				ENABLE_NS_ASSERTIONS = NO;
				ENABLE_STRICT_OBJC_MSGSEND = YES;
				GCC_C_LANGUAGE_STANDARD = gnu11;
				GCC_NO_COMMON_BLOCKS = YES;
				GCC_WARN_64_TO_32_BIT_CONVERSION = YES;
				GCC_WARN_ABOUT_RETURN_TYPE = YES_ERROR;
				GCC_WARN_UNDECLARED_SELECTOR = YES;
				GCC_WARN_UNINITIALIZED_AUTOS = YES_AGGRESSIVE;
				GCC_WARN_UNUSED_FUNCTION = YES;
				GCC_WARN_UNUSED_VARIABLE = YES;
				IPHONEOS_DEPLOYMENT_TARGET = 16.0;
				MTL_FAST_MATH = YES;
				SDKROOT = iphoneos;
				SWIFT_COMPILATION_MODE = wholemodule;
				SWIFT_OPTIMIZATION_LEVEL = "-O";
				VALIDATE_PRODUCT = YES;
			};
			name = Release;
		};
		AAAAAA000000000000005003 /* Debug */ = {
			isa = XCBuildConfiguration;
			buildSettings = {
				ASSETCATALOG_COMPILER_APPICON_NAME = AppIcon;
				ASSETCATALOG_COMPILER_GLOBAL_ACCENT_COLOR_NAME = AccentColor;
				CODE_SIGN_STYLE = Automatic;
				CURRENT_PROJECT_VERSION = 1;
				DEVELOPMENT_ASSET_PATHS = "\"SettingsApp/Preview Content\"";
				ENABLE_PREVIEWS = YES;
				GENERATE_INFOPLIST_FILE = NO;
				INFOPLIST_FILE = SettingsApp/Info.plist;
				IPHONEOS_DEPLOYMENT_TARGET = 16.0;
				LD_RUNPATH_SEARCH_PATHS = (
					"$(inherited)",
					"@executable_path/Frameworks",
				);
				MARKETING_VERSION = 1.0;
				PRODUCT_BUNDLE_IDENTIFIER = com.demo.SettingsApp;
				PRODUCT_NAME = "$(TARGET_NAME)";
				SDKROOT = iphoneos;
				SWIFT_EMIT_LOC_STRINGS = YES;
				SWIFT_VERSION = 5.0;
				TARGETED_DEVICE_FAMILY = "1,2";
			};
			name = Debug;
		};
		AAAAAA000000000000005004 /* Release */ = {
			isa = XCBuildConfiguration;
			buildSettings = {
				ASSETCATALOG_COMPILER_APPICON_NAME = AppIcon;
				ASSETCATALOG_COMPILER_GLOBAL_ACCENT_COLOR_NAME = AccentColor;
				CODE_SIGN_STYLE = Automatic;
				CURRENT_PROJECT_VERSION = 1;
				DEVELOPMENT_ASSET_PATHS = "\"SettingsApp/Preview Content\"";
				ENABLE_PREVIEWS = YES;
				GENERATE_INFOPLIST_FILE = NO;
				INFOPLIST_FILE = SettingsApp/Info.plist;
				IPHONEOS_DEPLOYMENT_TARGET = 16.0;
				LD_RUNPATH_SEARCH_PATHS = (
					"$(inherited)",
					"@executable_path/Frameworks",
				);
				MARKETING_VERSION = 1.0;
				PRODUCT_BUNDLE_IDENTIFIER = com.demo.SettingsApp;
				PRODUCT_NAME = "$(TARGET_NAME)";
				SDKROOT = iphoneos;
				SWIFT_EMIT_LOC_STRINGS = YES;
				SWIFT_VERSION = 5.0;
				TARGETED_DEVICE_FAMILY = "1,2";
			};
			name = Release;
		};
		AAAAAA000000000000005005 /* Debug (Tests) */ = {
			isa = XCBuildConfiguration;
			buildSettings = {
				BUNDLE_LOADER = "$(TEST_HOST)";
				CODE_SIGN_STYLE = Automatic;
				CURRENT_PROJECT_VERSION = 1;
				GENERATE_INFOPLIST_FILE = YES;
				IPHONEOS_DEPLOYMENT_TARGET = 16.0;
				MARKETING_VERSION = 1.0;
				PRODUCT_BUNDLE_IDENTIFIER = com.demo.SettingsAppTests;
				PRODUCT_NAME = "$(TARGET_NAME)";
				SDKROOT = iphoneos;
				SWIFT_VERSION = 5.0;
				TARGETED_DEVICE_FAMILY = "1,2";
				TEST_HOST = "$(BUILT_PRODUCTS_DIR)/SettingsApp.app/$(BUNDLE_EXECUTABLE_FOLDER_PATH)/SettingsApp";
			};
			name = Debug;
		};
		AAAAAA000000000000005006 /* Release (Tests) */ = {
			isa = XCBuildConfiguration;
			buildSettings = {
				BUNDLE_LOADER = "$(TEST_HOST)";
				CODE_SIGN_STYLE = Automatic;
				CURRENT_PROJECT_VERSION = 1;
				GENERATE_INFOPLIST_FILE = YES;
				IPHONEOS_DEPLOYMENT_TARGET = 16.0;
				MARKETING_VERSION = 1.0;
				PRODUCT_BUNDLE_IDENTIFIER = com.demo.SettingsAppTests;
				PRODUCT_NAME = "$(TARGET_NAME)";
				SDKROOT = iphoneos;
				SWIFT_VERSION = 5.0;
				TARGETED_DEVICE_FAMILY = "1,2";
				TEST_HOST = "$(BUILT_PRODUCTS_DIR)/SettingsApp.app/$(BUNDLE_EXECUTABLE_FOLDER_PATH)/SettingsApp";
			};
			name = Release;
		};
/* End XCBuildConfiguration section */

/* Begin XCConfigurationList section */
		AAAAAA000000000000006001 /* Build configuration list for PBXProject "SettingsApp" */ = {
			isa = XCConfigurationList;
			buildConfigurations = (
				AAAAAA000000000000005001 /* Debug */,
				AAAAAA000000000000005002 /* Release */,
			);
			defaultConfigurationIsVisible = 0;
			defaultConfigurationName = Release;
		};
		AAAAAA000000000000006002 /* Build configuration list for PBXNativeTarget "SettingsApp" */ = {
			isa = XCConfigurationList;
			buildConfigurations = (
				AAAAAA000000000000005003 /* Debug */,
				AAAAAA000000000000005004 /* Release */,
			);
			defaultConfigurationIsVisible = 0;
			defaultConfigurationName = Release;
		};
		AAAAAA000000000000006003 /* Build configuration list for PBXNativeTarget "SettingsAppTests" */ = {
			isa = XCConfigurationList;
			buildConfigurations = (
				AAAAAA000000000000005005 /* Debug */,
				AAAAAA000000000000005006 /* Release */,
			);
			defaultConfigurationIsVisible = 0;
			defaultConfigurationName = Release;
		};
/* End XCConfigurationList section */

/* Begin PBXContainerItemProxy section */
		AAAAAA000000000000008002 /* PBXContainerItemProxy */ = {
			isa = PBXContainerItemProxy;
			containerPortal = AAAAAA000000000000000001 /* Project object */;
			proxyType = 1;
			remoteGlobalIDString = AAAAAA000000000000000002;
			remoteInfo = SettingsApp;
		};
/* End PBXContainerItemProxy section */

/* Begin PBXTargetDependency section */
		AAAAAA000000000000008001 /* PBXTargetDependency */ = {
			isa = PBXTargetDependency;
			target = AAAAAA000000000000000002 /* SettingsApp */;
			targetProxy = AAAAAA000000000000008002 /* PBXContainerItemProxy */;
		};
/* End PBXTargetDependency section */

/* Begin XCRemoteSwiftPackageReference section */
		AAAAAA000000000000007001 /* XCRemoteSwiftPackageReference "login" */ = {
			isa = XCRemoteSwiftPackageReference;
			repositoryURL = "https://github.com/shah-pratik-einfochips/login";
			requirement = {
				branch = main;
				kind = branch;
			};
		};
/* End XCRemoteSwiftPackageReference section */

/* Begin XCSwiftPackageProductDependency section */
		AAAAAA000000000000007002 /* LoginKit */ = {
			isa = XCSwiftPackageProductDependency;
			package = AAAAAA000000000000007001 /* XCRemoteSwiftPackageReference "login" */;
			productName = LoginKit;
		};
		AAAAAA000000000000007003 /* LoginKit (Tests) */ = {
			isa = XCSwiftPackageProductDependency;
			package = AAAAAA000000000000007001 /* XCRemoteSwiftPackageReference "login" */;
			productName = LoginKit;
		};
/* End XCSwiftPackageProductDependency section */

	};
	rootObject = AAAAAA000000000000000001 /* Project object */;
}
